// !$*UTF8*$!
{
	archiveVersion = 1;
	classes = {
	};
	objectVersion = 46;
	objects = {

/* Begin PBXBuildFile section */
		44EAAB5318C86CE000F54C2E /* Foundation.framework in Frameworks */ = {isa = PBXBuildFile; fileRef = 44EAAB5218C86CE000F54C2E /* Foundation.framework */; };
		44EAAB5518C86CE000F54C2E /* CoreGraphics.framework in Frameworks */ = {isa = PBXBuildFile; fileRef = 44EAAB5418C86CE000F54C2E /* CoreGraphics.framework */; };
		44EAAB5718C86CE000F54C2E /* UIKit.framework in Frameworks */ = {isa = PBXBuildFile; fileRef = 44EAAB5618C86CE000F54C2E /* UIKit.framework */; };
		44EAAB5D18C86CE000F54C2E /* InfoPlist.strings in Resources */ = {isa = PBXBuildFile; fileRef = 44EAAB5B18C86CE000F54C2E /* InfoPlist.strings */; };
		44EAAB5F18C86CE000F54C2E /* main.m in Sources */ = {isa = PBXBuildFile; fileRef = 44EAAB5E18C86CE000F54C2E /* main.m */; };
		44EAAB6318C86CE000F54C2E /* HYPAppDelegate.m in Sources */ = {isa = PBXBuildFile; fileRef = 44EAAB6218C86CE000F54C2E /* HYPAppDelegate.m */; };
		44EAAB6618C86CE000F54C2E /* Main.storyboard in Resources */ = {isa = PBXBuildFile; fileRef = 44EAAB6418C86CE000F54C2E /* Main.storyboard */; };
		44EAAB6918C86CE000F54C2E /* HYPViewController.m in Sources */ = {isa = PBXBuildFile; fileRef = 44EAAB6818C86CE000F54C2E /* HYPViewController.m */; };
		44EAAB6B18C86CE000F54C2E /* Images.xcassets in Resources */ = {isa = PBXBuildFile; fileRef = 44EAAB6A18C86CE000F54C2E /* Images.xcassets */; };
		44EAAB7218C86CE000F54C2E /* XCTest.framework in Frameworks */ = {isa = PBXBuildFile; fileRef = 44EAAB7118C86CE000F54C2E /* XCTest.framework */; };
		44EAAB7318C86CE000F54C2E /* Foundation.framework in Frameworks */ = {isa = PBXBuildFile; fileRef = 44EAAB5218C86CE000F54C2E /* Foundation.framework */; };
		44EAAB7418C86CE000F54C2E /* UIKit.framework in Frameworks */ = {isa = PBXBuildFile; fileRef = 44EAAB5618C86CE000F54C2E /* UIKit.framework */; };
		44EAAB7C18C86CE000F54C2E /* InfoPlist.strings in Resources */ = {isa = PBXBuildFile; fileRef = 44EAAB7A18C86CE000F54C2E /* InfoPlist.strings */; };
		44EAAB7E18C86CE000F54C2E /* SuchLocalizationsTests.m in Sources */ = {isa = PBXBuildFile; fileRef = 44EAAB7D18C86CE000F54C2E /* SuchLocalizationsTests.m */; };
/* End PBXBuildFile section */

/* Begin PBXContainerItemProxy section */
		44EAAB7518C86CE000F54C2E /* PBXContainerItemProxy */ = {
			isa = PBXContainerItemProxy;
			containerPortal = 44EAAB4718C86CE000F54C2E /* Project object */;
			proxyType = 1;
			remoteGlobalIDString = 44EAAB4E18C86CE000F54C2E;
			remoteInfo = SuchLocalizations;
		};
/* End PBXContainerItemProxy section */

/* Begin PBXFileReference section */
		14F0217B1D715DD200D5D9B7 /* en */ = {isa = PBXFileReference; lastKnownFileType = file.storyboard; name = en; path = en.lproj/Main.storyboard; sourceTree = "<group>"; };
		14F0217C1D715DD200D5D9B7 /* fr */ = {isa = PBXFileReference; lastKnownFileType = file.storyboard; name = fr; path = fr.lproj/Main.storyboard; sourceTree = "<group>"; };
		44EAAB4F18C86CE000F54C2E /* SuchLocalizations.app */ = {isa = PBXFileReference; explicitFileType = wrapper.application; includeInIndex = 0; path = SuchLocalizations.app; sourceTree = BUILT_PRODUCTS_DIR; };
		44EAAB5218C86CE000F54C2E /* Foundation.framework */ = {isa = PBXFileReference; lastKnownFileType = wrapper.framework; name = Foundation.framework; path = System/Library/Frameworks/Foundation.framework; sourceTree = SDKROOT; };
		44EAAB5418C86CE000F54C2E /* CoreGraphics.framework */ = {isa = PBXFileReference; lastKnownFileType = wrapper.framework; name = CoreGraphics.framework; path = System/Library/Frameworks/CoreGraphics.framework; sourceTree = SDKROOT; };
		44EAAB5618C86CE000F54C2E /* UIKit.framework */ = {isa = PBXFileReference; lastKnownFileType = wrapper.framework; name = UIKit.framework; path = System/Library/Frameworks/UIKit.framework; sourceTree = SDKROOT; };
		44EAAB5A18C86CE000F54C2E /* SuchLocalizations-Info.plist */ = {isa = PBXFileReference; lastKnownFileType = text.plist.xml; path = "SuchLocalizations-Info.plist"; sourceTree = "<group>"; };
		44EAAB5C18C86CE000F54C2E /* en */ = {isa = PBXFileReference; lastKnownFileType = text.plist.strings; name = en; path = en.lproj/InfoPlist.strings; sourceTree = "<group>"; };
		44EAAB5E18C86CE000F54C2E /* main.m */ = {isa = PBXFileReference; lastKnownFileType = sourcecode.c.objc; path = main.m; sourceTree = "<group>"; };
		44EAAB6018C86CE000F54C2E /* SuchLocalizations-Prefix.pch */ = {isa = PBXFileReference; lastKnownFileType = sourcecode.c.h; path = "SuchLocalizations-Prefix.pch"; sourceTree = "<group>"; };
		44EAAB6118C86CE000F54C2E /* HYPAppDelegate.h */ = {isa = PBXFileReference; lastKnownFileType = sourcecode.c.h; path = HYPAppDelegate.h; sourceTree = "<group>"; };
		44EAAB6218C86CE000F54C2E /* HYPAppDelegate.m */ = {isa = PBXFileReference; lastKnownFileType = sourcecode.c.objc; path = HYPAppDelegate.m; sourceTree = "<group>"; };
		44EAAB6518C86CE000F54C2E /* Base */ = {isa = PBXFileReference; lastKnownFileType = file.storyboard; name = Base; path = Base.lproj/Main.storyboard; sourceTree = "<group>"; };
		44EAAB6718C86CE000F54C2E /* HYPViewController.h */ = {isa = PBXFileReference; lastKnownFileType = sourcecode.c.h; path = HYPViewController.h; sourceTree = "<group>"; };
		44EAAB6818C86CE000F54C2E /* HYPViewController.m */ = {isa = PBXFileReference; lastKnownFileType = sourcecode.c.objc; path = HYPViewController.m; sourceTree = "<group>"; };
		44EAAB6A18C86CE000F54C2E /* Images.xcassets */ = {isa = PBXFileReference; lastKnownFileType = folder.assetcatalog; path = Images.xcassets; sourceTree = "<group>"; };
		44EAAB7018C86CE000F54C2E /* SuchLocalizationsTests.xctest */ = {isa = PBXFileReference; explicitFileType = wrapper.cfbundle; includeInIndex = 0; path = SuchLocalizationsTests.xctest; sourceTree = BUILT_PRODUCTS_DIR; };
		44EAAB7118C86CE000F54C2E /* XCTest.framework */ = {isa = PBXFileReference; lastKnownFileType = wrapper.framework; name = XCTest.framework; path = Library/Frameworks/XCTest.framework; sourceTree = DEVELOPER_DIR; };
		44EAAB7918C86CE000F54C2E /* SuchLocalizationsTests-Info.plist */ = {isa = PBXFileReference; lastKnownFileType = text.plist.xml; path = "SuchLocalizationsTests-Info.plist"; sourceTree = "<group>"; };
		44EAAB7B18C86CE000F54C2E /* en */ = {isa = PBXFileReference; lastKnownFileType = text.plist.strings; name = en; path = en.lproj/InfoPlist.strings; sourceTree = "<group>"; };
		44EAAB7D18C86CE000F54C2E /* SuchLocalizationsTests.m */ = {isa = PBXFileReference; lastKnownFileType = sourcecode.c.objc; path = SuchLocalizationsTests.m; sourceTree = "<group>"; };
/* End PBXFileReference section */

/* Begin PBXFrameworksBuildPhase section */
		44EAAB4C18C86CE000F54C2E /* Frameworks */ = {
			isa = PBXFrameworksBuildPhase;
			buildActionMask = 2147483647;
			files = (
				44EAAB5518C86CE000F54C2E /* CoreGraphics.framework in Frameworks */,
				44EAAB5718C86CE000F54C2E /* UIKit.framework in Frameworks */,
				44EAAB5318C86CE000F54C2E /* Foundation.framework in Frameworks */,
			);
			runOnlyForDeploymentPostprocessing = 0;
		};
		44EAAB6D18C86CE000F54C2E /* Frameworks */ = {
			isa = PBXFrameworksBuildPhase;
			buildActionMask = 2147483647;
			files = (
				44EAAB7218C86CE000F54C2E /* XCTest.framework in Frameworks */,
				44EAAB7418C86CE000F54C2E /* UIKit.framework in Frameworks */,
				44EAAB7318C86CE000F54C2E /* Foundation.framework in Frameworks */,
			);
			runOnlyForDeploymentPostprocessing = 0;
		};
/* End PBXFrameworksBuildPhase section */

/* Begin PBXGroup section */
		44EAAB4618C86CE000F54C2E = {
			isa = PBXGroup;
			children = (
				44EAAB5818C86CE000F54C2E /* SuchLocalizations */,
				44EAAB7718C86CE000F54C2E /* SuchLocalizationsTests */,
				44EAAB5118C86CE000F54C2E /* Frameworks */,
				44EAAB5018C86CE000F54C2E /* Products */,
			);
			sourceTree = "<group>";
		};
		44EAAB5018C86CE000F54C2E /* Products */ = {
			isa = PBXGroup;
			children = (
				44EAAB4F18C86CE000F54C2E /* SuchLocalizations.app */,
				44EAAB7018C86CE000F54C2E /* SuchLocalizationsTests.xctest */,
			);
			name = Products;
			sourceTree = "<group>";
		};
		44EAAB5118C86CE000F54C2E /* Frameworks */ = {
			isa = PBXGroup;
			children = (
				44EAAB5218C86CE000F54C2E /* Foundation.framework */,
				44EAAB5418C86CE000F54C2E /* CoreGraphics.framework */,
				44EAAB5618C86CE000F54C2E /* UIKit.framework */,
				44EAAB7118C86CE000F54C2E /* XCTest.framework */,
			);
			name = Frameworks;
			sourceTree = "<group>";
		};
		44EAAB5818C86CE000F54C2E /* SuchLocalizations */ = {
			isa = PBXGroup;
			children = (
				44EAAB6118C86CE000F54C2E /* HYPAppDelegate.h */,
				44EAAB6218C86CE000F54C2E /* HYPAppDelegate.m */,
				44EAAB6418C86CE000F54C2E /* Main.storyboard */,
				44EAAB6718C86CE000F54C2E /* HYPViewController.h */,
				44EAAB6818C86CE000F54C2E /* HYPViewController.m */,
				44EAAB6A18C86CE000F54C2E /* Images.xcassets */,
				44EAAB5918C86CE000F54C2E /* Supporting Files */,
			);
			path = SuchLocalizations;
			sourceTree = "<group>";
		};
		44EAAB5918C86CE000F54C2E /* Supporting Files */ = {
			isa = PBXGroup;
			children = (
				44EAAB5A18C86CE000F54C2E /* SuchLocalizations-Info.plist */,
				44EAAB5B18C86CE000F54C2E /* InfoPlist.strings */,
				44EAAB5E18C86CE000F54C2E /* main.m */,
				44EAAB6018C86CE000F54C2E /* SuchLocalizations-Prefix.pch */,
			);
			name = "Supporting Files";
			sourceTree = "<group>";
		};
		44EAAB7718C86CE000F54C2E /* SuchLocalizationsTests */ = {
			isa = PBXGroup;
			children = (
				44EAAB7D18C86CE000F54C2E /* SuchLocalizationsTests.m */,
				44EAAB7818C86CE000F54C2E /* Supporting Files */,
			);
			path = SuchLocalizationsTests;
			sourceTree = "<group>";
		};
		44EAAB7818C86CE000F54C2E /* Supporting Files */ = {
			isa = PBXGroup;
			children = (
				44EAAB7918C86CE000F54C2E /* SuchLocalizationsTests-Info.plist */,
				44EAAB7A18C86CE000F54C2E /* InfoPlist.strings */,
			);
			name = "Supporting Files";
			sourceTree = "<group>";
		};
/* End PBXGroup section */

/* Begin PBXNativeTarget section */
		44EAAB4E18C86CE000F54C2E /* SuchLocalizations */ = {
			isa = PBXNativeTarget;
			buildConfigurationList = 44EAAB8118C86CE000F54C2E /* Build configuration list for PBXNativeTarget "SuchLocalizations" */;
			buildPhases = (
				44EAAB4B18C86CE000F54C2E /* Sources */,
				44EAAB4C18C86CE000F54C2E /* Frameworks */,
				44EAAB4D18C86CE000F54C2E /* Resources */,
			);
			buildRules = (
			);
			dependencies = (
			);
			name = SuchLocalizations;
			productName = SuchLocalizations;
			productReference = 44EAAB4F18C86CE000F54C2E /* SuchLocalizations.app */;
			productType = "com.apple.product-type.application";
		};
		44EAAB6F18C86CE000F54C2E /* SuchLocalizationsTests */ = {
			isa = PBXNativeTarget;
			buildConfigurationList = 44EAAB8418C86CE000F54C2E /* Build configuration list for PBXNativeTarget "SuchLocalizationsTests" */;
			buildPhases = (
				44EAAB6C18C86CE000F54C2E /* Sources */,
				44EAAB6D18C86CE000F54C2E /* Frameworks */,
				44EAAB6E18C86CE000F54C2E /* Resources */,
			);
			buildRules = (
			);
			dependencies = (
				44EAAB7618C86CE000F54C2E /* PBXTargetDependency */,
			);
			name = SuchLocalizationsTests;
			productName = SuchLocalizationsTests;
			productReference = 44EAAB7018C86CE000F54C2E /* SuchLocalizationsTests.xctest */;
			productType = "com.apple.product-type.bundle.unit-test";
		};
/* End PBXNativeTarget section */

/* Begin PBXProject section */
		44EAAB4718C86CE000F54C2E /* Project object */ = {
			isa = PBXProject;
			attributes = {
				CLASSPREFIX = HYP;
				LastUpgradeCheck = 0730;
				ORGANIZATIONNAME = Hyper;
				TargetAttributes = {
					44EAAB6F18C86CE000F54C2E = {
						TestTargetID = 44EAAB4E18C86CE000F54C2E;
					};
				};
			};
			buildConfigurationList = 44EAAB4A18C86CE000F54C2E /* Build configuration list for PBXProject "SuchLocalizations" */;
			compatibilityVersion = "Xcode 3.2";
			developmentRegion = English;
			hasScannedForEncodings = 0;
			knownRegions = (
				en,
				Base,
			);
			mainGroup = 44EAAB4618C86CE000F54C2E;
			productRefGroup = 44EAAB5018C86CE000F54C2E /* Products */;
			projectDirPath = "";
			projectRoot = "";
			targets = (
				44EAAB4E18C86CE000F54C2E /* SuchLocalizations */,
				44EAAB6F18C86CE000F54C2E /* SuchLocalizationsTests */,
			);
		};
/* End PBXProject section */

/* Begin PBXResourcesBuildPhase section */
		44EAAB4D18C86CE000F54C2E /* Resources */ = {
			isa = PBXResourcesBuildPhase;
			buildActionMask = 2147483647;
			files = (
				44EAAB6B18C86CE000F54C2E /* Images.xcassets in Resources */,
				44EAAB5D18C86CE000F54C2E /* InfoPlist.strings in Resources */,
				44EAAB6618C86CE000F54C2E /* Main.storyboard in Resources */,
			);
			runOnlyForDeploymentPostprocessing = 0;
		};
		44EAAB6E18C86CE000F54C2E /* Resources */ = {
			isa = PBXResourcesBuildPhase;
			buildActionMask = 2147483647;
			files = (
				44EAAB7C18C86CE000F54C2E /* InfoPlist.strings in Resources */,
			);
			runOnlyForDeploymentPostprocessing = 0;
		};
/* End PBXResourcesBuildPhase section */

/* Begin PBXSourcesBuildPhase section */
		44EAAB4B18C86CE000F54C2E /* Sources */ = {
			isa = PBXSourcesBuildPhase;
			buildActionMask = 2147483647;
			files = (
				44EAAB6918C86CE000F54C2E /* HYPViewController.m in Sources */,
				44EAAB6318C86CE000F54C2E /* HYPAppDelegate.m in Sources */,
				44EAAB5F18C86CE000F54C2E /* main.m in Sources */,
			);
			runOnlyForDeploymentPostprocessing = 0;
		};
		44EAAB6C18C86CE000F54C2E /* Sources */ = {
			isa = PBXSourcesBuildPhase;
			buildActionMask = 2147483647;
			files = (
				44EAAB7E18C86CE000F54C2E /* SuchLocalizationsTests.m in Sources */,
			);
			runOnlyForDeploymentPostprocessing = 0;
		};
/* End PBXSourcesBuildPhase section */

/* Begin PBXTargetDependency section */
		44EAAB7618C86CE000F54C2E /* PBXTargetDependency */ = {
			isa = PBXTargetDependency;
			target = 44EAAB4E18C86CE000F54C2E /* SuchLocalizations */;
			targetProxy = 44EAAB7518C86CE000F54C2E /* PBXContainerItemProxy */;
		};
/* End PBXTargetDependency section */

/* Begin PBXVariantGroup section */
		44EAAB5B18C86CE000F54C2E /* InfoPlist.strings */ = {
			isa = PBXVariantGroup;
			children = (
				44EAAB5C18C86CE000F54C2E /* en */,
			);
			name = InfoPlist.strings;
			sourceTree = "<group>";
		};
		44EAAB6418C86CE000F54C2E /* Main.storyboard */ = {
			isa = PBXVariantGroup;
			children = (
				44EAAB6518C86CE000F54C2E /* Base */,
				14F0217B1D715DD200D5D9B7 /* en */,
				14F0217C1D715DD200D5D9B7 /* fr */,
			);
			name = Main.storyboard;
			sourceTree = "<group>";
		};
		44EAAB7A18C86CE000F54C2E /* InfoPlist.strings */ = {
			isa = PBXVariantGroup;
			children = (
				44EAAB7B18C86CE000F54C2E /* en */,
			);
			name = InfoPlist.strings;
			sourceTree = "<group>";
		};
/* End PBXVariantGroup section */

/* Begin XCBuildConfiguration section */
		44EAAB7F18C86CE000F54C2E /* Debug */ = {
			isa = XCBuildConfiguration;
			buildSettings = {
				ALWAYS_SEARCH_USER_PATHS = NO;
				CLANG_CXX_LANGUAGE_STANDARD = "gnu++0x";
				CLANG_CXX_LIBRARY = "libc++";
				CLANG_ENABLE_MODULES = YES;
				CLANG_ENABLE_OBJC_ARC = YES;
				CLANG_WARN_BOOL_CONVERSION = YES;
				CLANG_WARN_CONSTANT_CONVERSION = YES;
				CLANG_WARN_DIRECT_OBJC_ISA_USAGE = YES_ERROR;
				CLANG_WARN_EMPTY_BODY = YES;
				CLANG_WARN_ENUM_CONVERSION = YES;
				CLANG_WARN_INT_CONVERSION = YES;
				CLANG_WARN_OBJC_ROOT_CLASS = YES_ERROR;
				CLANG_WARN__DUPLICATE_METHOD_MATCH = YES;
				"CODE_SIGN_IDENTITY[sdk=iphoneos*]" = "iPhone Developer";
				COPY_PHASE_STRIP = NO;
				ENABLE_TESTABILITY = YES;
				GCC_C_LANGUAGE_STANDARD = gnu99;
				GCC_DYNAMIC_NO_PIC = NO;
				GCC_OPTIMIZATION_LEVEL = 0;
				GCC_PREPROCESSOR_DEFINITIONS = (
					"DEBUG=1",
					"$(inherited)",
				);
				GCC_SYMBOLS_PRIVATE_EXTERN = NO;
				GCC_WARN_64_TO_32_BIT_CONVERSION = YES;
				GCC_WARN_ABOUT_RETURN_TYPE = YES_ERROR;
				GCC_WARN_UNDECLARED_SELECTOR = YES;
				GCC_WARN_UNINITIALIZED_AUTOS = YES;
				GCC_WARN_UNUSED_FUNCTION = YES;
				GCC_WARN_UNUSED_VARIABLE = YES;
				IPHONEOS_DEPLOYMENT_TARGET = 7.0;
				ONLY_ACTIVE_ARCH = YES;
				SDKROOT = iphoneos;
			};
			name = Debug;
		};
		44EAAB8018C86CE000F54C2E /* Release */ = {
			isa = XCBuildConfiguration;
			buildSettings = {
				ALWAYS_SEARCH_USER_PATHS = NO;
				CLANG_CXX_LANGUAGE_STANDARD = "gnu++0x";
				CLANG_CXX_LIBRARY = "libc++";
				CLANG_ENABLE_MODULES = YES;
				CLANG_ENABLE_OBJC_ARC = YES;
				CLANG_WARN_BOOL_CONVERSION = YES;
				CLANG_WARN_CONSTANT_CONVERSION = YES;
				CLANG_WARN_DIRECT_OBJC_ISA_USAGE = YES_ERROR;
				CLANG_WARN_EMPTY_BODY = YES;
				CLANG_WARN_ENUM_CONVERSION = YES;
				CLANG_WARN_INT_CONVERSION = YES;
				CLANG_WARN_OBJC_ROOT_CLASS = YES_ERROR;
				CLANG_WARN__DUPLICATE_METHOD_MATCH = YES;
				"CODE_SIGN_IDENTITY[sdk=iphoneos*]" = "iPhone Developer";
				COPY_PHASE_STRIP = YES;
				ENABLE_NS_ASSERTIONS = NO;
				GCC_C_LANGUAGE_STANDARD = gnu99;
				GCC_WARN_64_TO_32_BIT_CONVERSION = YES;
				GCC_WARN_ABOUT_RETURN_TYPE = YES_ERROR;
				GCC_WARN_UNDECLARED_SELECTOR = YES;
				GCC_WARN_UNINITIALIZED_AUTOS = YES;
				GCC_WARN_UNUSED_FUNCTION = YES;
				GCC_WARN_UNUSED_VARIABLE = YES;
				IPHONEOS_DEPLOYMENT_TARGET = 7.0;
				SDKROOT = iphoneos;
				VALIDATE_PRODUCT = YES;
			};
			name = Release;
		};
		44EAAB8218C86CE000F54C2E /* Debug */ = {
			isa = XCBuildConfiguration;
			buildSettings = {
				ASSETCATALOG_COMPILER_APPICON_NAME = AppIcon;
				ASSETCATALOG_COMPILER_LAUNCHIMAGE_NAME = LaunchImage;
				GCC_PRECOMPILE_PREFIX_HEADER = YES;
				GCC_PREFIX_HEADER = "SuchLocalizations/SuchLocalizations-Prefix.pch";
				INFOPLIST_FILE = "SuchLocalizations/SuchLocalizations-Info.plist";
				PRODUCT_BUNDLE_IDENTIFIER = "no.hyper.${PRODUCT_NAME:rfc1034identifier}";
				PRODUCT_NAME = "$(TARGET_NAME)";
				WRAPPER_EXTENSION = app;
			};
			name = Debug;
		};
		44EAAB8318C86CE000F54C2E /* Release */ = {
			isa = XCBuildConfiguration;
			buildSettings = {
				ASSETCATALOG_COMPILER_APPICON_NAME = AppIcon;
				ASSETCATALOG_COMPILER_LAUNCHIMAGE_NAME = LaunchImage;
				GCC_PRECOMPILE_PREFIX_HEADER = YES;
				GCC_PREFIX_HEADER = "SuchLocalizations/SuchLocalizations-Prefix.pch";
				INFOPLIST_FILE = "SuchLocalizations/SuchLocalizations-Info.plist";
				PRODUCT_BUNDLE_IDENTIFIER = "no.hyper.${PRODUCT_NAME:rfc1034identifier}";
				PRODUCT_NAME = "$(TARGET_NAME)";
				WRAPPER_EXTENSION = app;
			};
			name = Release;
		};
		44EAAB8518C86CE000F54C2E /* Debug */ = {
			isa = XCBuildConfiguration;
			buildSettings = {
				BUNDLE_LOADER = "$(BUILT_PRODUCTS_DIR)/SuchLocalizations.app/SuchLocalizations";
				FRAMEWORK_SEARCH_PATHS = (
					"$(SDKROOT)/Developer/Library/Frameworks",
					"$(inherited)",
					"$(DEVELOPER_FRAMEWORKS_DIR)",
				);
				GCC_PRECOMPILE_PREFIX_HEADER = YES;
				GCC_PREFIX_HEADER = "SuchLocalizations/SuchLocalizations-Prefix.pch";
				GCC_PREPROCESSOR_DEFINITIONS = (
					"DEBUG=1",
					"$(inherited)",
				);
				INFOPLIST_FILE = "SuchLocalizationsTests/SuchLocalizationsTests-Info.plist";
				PRODUCT_BUNDLE_IDENTIFIER = "no.hyper.${PRODUCT_NAME:rfc1034identifier}";
				PRODUCT_NAME = "$(TARGET_NAME)";
				TEST_HOST = "$(BUNDLE_LOADER)";
				WRAPPER_EXTENSION = xctest;
			};
			name = Debug;
		};
		44EAAB8618C86CE000F54C2E /* Release */ = {
			isa = XCBuildConfiguration;
			buildSettings = {
				BUNDLE_LOADER = "$(BUILT_PRODUCTS_DIR)/SuchLocalizations.app/SuchLocalizations";
				FRAMEWORK_SEARCH_PATHS = (
					"$(SDKROOT)/Developer/Library/Frameworks",
					"$(inherited)",
					"$(DEVELOPER_FRAMEWORKS_DIR)",
				);
				GCC_PRECOMPILE_PREFIX_HEADER = YES;
				GCC_PREFIX_HEADER = "SuchLocalizations/SuchLocalizations-Prefix.pch";
				INFOPLIST_FILE = "SuchLocalizationsTests/SuchLocalizationsTests-Info.plist";
				PRODUCT_BUNDLE_IDENTIFIER = "no.hyper.${PRODUCT_NAME:rfc1034identifier}";
				PRODUCT_NAME = "$(TARGET_NAME)";
				TEST_HOST = "$(BUNDLE_LOADER)";
				WRAPPER_EXTENSION = xctest;
			};
			name = Release;
		};
/* End XCBuildConfiguration section */

/* Begin XCConfigurationList section */
		44EAAB4A18C86CE000F54C2E /* Build configuration list for PBXProject "SuchLocalizations" */ = {
			isa = XCConfigurationList;
			buildConfigurations = (
				44EAAB7F18C86CE000F54C2E /* Debug */,
				44EAAB8018C86CE000F54C2E /* Release */,
			);
			defaultConfigurationIsVisible = 0;
			defaultConfigurationName = Release;
		};
		44EAAB8118C86CE000F54C2E /* Build configuration list for PBXNativeTarget "SuchLocalizations" */ = {
			isa = XCConfigurationList;
			buildConfigurations = (
				44EAAB8218C86CE000F54C2E /* Debug */,
				44EAAB8318C86CE000F54C2E /* Release */,
			);
			defaultConfigurationIsVisible = 0;
			defaultConfigurationName = Release;
		};
		44EAAB8418C86CE000F54C2E /* Build configuration list for PBXNativeTarget "SuchLocalizationsTests" */ = {
			isa = XCConfigurationList;
			buildConfigurations = (
				44EAAB8518C86CE000F54C2E /* Debug */,
				44EAAB8618C86CE000F54C2E /* Release */,
			);
			defaultConfigurationIsVisible = 0;
			defaultConfigurationName = Release;
		};
/* End XCConfigurationList section */
	};
	rootObject = 44EAAB4718C86CE000F54C2E /* Project object */;
}
